Microsoft Visual Studio Solution File, Format Version 12.00
# Visual Studio 2012
Project("{FAE04EC0-301F-11D3-BF4B-00C04F79EFBC}") = "latex bot", "latex bot.csproj", "{1634190E-8C4D-4F57-AA45-993D45035766}"
EndProject
Global
	GlobalSection(SolutionConfigurationPlatforms) = preSolution
	Debug|Any CPU = Debug|Any CPU
	ExportDebug|Any CPU = ExportDebug|Any CPU
	ExportRelease|Any CPU = ExportRelease|Any CPU
	EndGlobalSection
	GlobalSection(ProjectConfigurationPlatforms) = postSolution
		{1634190E-8C4D-4F57-AA45-993D45035766}.Debug|Any CPU.ActiveCfg = Debug|Any CPU
		{1634190E-8C4D-4F57-AA45-993D45035766}.Debug|Any CPU.Build.0 = Debug|Any CPU
		{1634190E-8C4D-4F57-AA45-993D45035766}.ExportDebug|Any CPU.ActiveCfg = ExportDebug|Any CPU
		{1634190E-8C4D-4F57-AA45-993D45035766}.ExportDebug|Any CPU.Build.0 = ExportDebug|Any CPU
		{1634190E-8C4D-4F57-AA45-993D45035766}.ExportRelease|Any CPU.ActiveCfg = ExportRelease|Any CPU
		{1634190E-8C4D-4F57-AA45-993D45035766}.ExportRelease|Any CPU.Build.0 = ExportRelease|Any CPU
	EndGlobalSection
EndGlobal
